// !$*UTF8*$!
{
	archiveVersion = 1;
	classes = {
	};
	objectVersion = 50;
	objects = {

/* Begin PBXBuildFile section */
		9F5846301CCC8935DED811DF /* Pods_BankMovements.framework in Frameworks */ = {isa = PBXBuildFile; fileRef = E25B9E844521C40A9C0D7E5C /* Pods_BankMovements.framework */; };
		BA370DFC2196E4D4006BE493 /* AppDelegate.swift in Sources */ = {isa = PBXBuildFile; fileRef = BA370DFB2196E4D4006BE493 /* AppDelegate.swift */; };
		BA370E032196E4D6006BE493 /* Assets.xcassets in Resources */ = {isa = PBXBuildFile; fileRef = BA370E022196E4D6006BE493 /* Assets.xcassets */; };
		BA370E062196E4D6006BE493 /* LaunchScreen.storyboard in Resources */ = {isa = PBXBuildFile; fileRef = BA370E042196E4D6006BE493 /* LaunchScreen.storyboard */; };
		BA370E242196E5A6006BE493 /* InitialViewController.swift in Sources */ = {isa = PBXBuildFile; fileRef = BA370E222196E5A6006BE493 /* InitialViewController.swift */; };
		BA370E272196E5FC006BE493 /* UIviewController+Additions.swift in Sources */ = {isa = PBXBuildFile; fileRef = BA370E262196E5FC006BE493 /* UIviewController+Additions.swift */; };
		BA370E292196E7B3006BE493 /* Transaction.swift in Sources */ = {isa = PBXBuildFile; fileRef = BA370E282196E7B3006BE493 /* Transaction.swift */; };
		BA370E2B2196E7E1006BE493 /* Movements.swift in Sources */ = {isa = PBXBuildFile; fileRef = BA370E2A2196E7E1006BE493 /* Movements.swift */; };
		BA370E2D2196E862006BE493 /* TransactionCodable.swift in Sources */ = {isa = PBXBuildFile; fileRef = BA370E2C2196E862006BE493 /* TransactionCodable.swift */; };
		BA370E2F2196E8AA006BE493 /* TransactionTests.swift in Sources */ = {isa = PBXBuildFile; fileRef = BA370E2E2196E8AA006BE493 /* TransactionTests.swift */; };
		BA370E312196F013006BE493 /* InitialViewController.xib in Resources */ = {isa = PBXBuildFile; fileRef = BA370E302196F013006BE493 /* InitialViewController.xib */; };
		BA370E332196F09A006BE493 /* Constans.swift in Sources */ = {isa = PBXBuildFile; fileRef = BA370E322196F09A006BE493 /* Constans.swift */; };
		BA370E352196F0C9006BE493 /* CustomColors.swift in Sources */ = {isa = PBXBuildFile; fileRef = BA370E342196F0C9006BE493 /* CustomColors.swift */; };
		BA370E372196F0F4006BE493 /* DownloadAllMovementsInteractor.swift in Sources */ = {isa = PBXBuildFile; fileRef = BA370E362196F0F4006BE493 /* DownloadAllMovementsInteractor.swift */; };
		BA370E392196F113006BE493 /* DownloadAllMovementsInteractorNSURLSessionImpl.swift in Sources */ = {isa = PBXBuildFile; fileRef = BA370E382196F113006BE493 /* DownloadAllMovementsInteractorNSURLSessionImpl.swift */; };
		BA370E3B2196F139006BE493 /* Typealias.swift in Sources */ = {isa = PBXBuildFile; fileRef = BA370E3A2196F139006BE493 /* Typealias.swift */; };
		BA370E3D2196F151006BE493 /* Alerts.swift in Sources */ = {isa = PBXBuildFile; fileRef = BA370E3C2196F151006BE493 /* Alerts.swift */; };
		BA370E412196F265006BE493 /* MapTransactions.swift in Sources */ = {isa = PBXBuildFile; fileRef = BA370E402196F265006BE493 /* MapTransactions.swift */; };
		BA370E442196F685006BE493 /* JSONParser.swift in Sources */ = {isa = PBXBuildFile; fileRef = BA370E432196F685006BE493 /* JSONParser.swift */; };
		BA370E462197004E006BE493 /* MovementsViewController.swift in Sources */ = {isa = PBXBuildFile; fileRef = BA370E452197004E006BE493 /* MovementsViewController.swift */; };
		BA370E482197005F006BE493 /* MovementsViewController.xib in Resources */ = {isa = PBXBuildFile; fileRef = BA370E472197005F006BE493 /* MovementsViewController.xib */; };
		BA370E4A21970145006BE493 /* TransactionCollectionViewCell.swift in Sources */ = {isa = PBXBuildFile; fileRef = BA370E4921970145006BE493 /* TransactionCollectionViewCell.swift */; };
		BA370E4C219701C9006BE493 /* TransactionCollectionViewCell.xib in Resources */ = {isa = PBXBuildFile; fileRef = BA370E4B219701C9006BE493 /* TransactionCollectionViewCell.xib */; };
		BA5F89AD21980A77004983DC /* Podfile in Resources */ = {isa = PBXBuildFile; fileRef = BA5F89AC21980A77004983DC /* Podfile */; };
		BA5F89AF21980DFD004983DC /* DownloadAllMovementsInteractorAlamofireImpl.swift in Sources */ = {isa = PBXBuildFile; fileRef = BA5F89AE21980DFD004983DC /* DownloadAllMovementsInteractorAlamofireImpl.swift */; };
/* End PBXBuildFile section */

/* Begin PBXContainerItemProxy section */
		BA370E0D2196E4D6006BE493 /* PBXContainerItemProxy */ = {
			isa = PBXContainerItemProxy;
			containerPortal = BA370DF02196E4D4006BE493 /* Project object */;
			proxyType = 1;
			remoteGlobalIDString = BA370DF72196E4D4006BE493;
			remoteInfo = BankMovements;
		};
/* End PBXContainerItemProxy section */

/* Begin PBXCopyFilesBuildPhase section */
		BA5F89B3219819B1004983DC /* Embed Frameworks */ = {
			isa = PBXCopyFilesBuildPhase;
			buildActionMask = 2147483647;
			dstPath = "";
			dstSubfolderSpec = 10;
			files = (
			);
			name = "Embed Frameworks";
			runOnlyForDeploymentPostprocessing = 0;
		};
/* End PBXCopyFilesBuildPhase section */

/* Begin PBXFileReference section */
		3CB9FDA83F0CB18067206573 /* Pods-BankMovements.release.xcconfig */ = {isa = PBXFileReference; includeInIndex = 1; lastKnownFileType = text.xcconfig; name = "Pods-BankMovements.release.xcconfig"; path = "Pods/Target Support Files/Pods-BankMovements/Pods-BankMovements.release.xcconfig"; sourceTree = "<group>"; };
		4CAFE07C308ADDD6D18D8780 /* Pods_BankMovementsTests.framework */ = {isa = PBXFileReference; explicitFileType = wrapper.framework; includeInIndex = 0; path = Pods_BankMovementsTests.framework; sourceTree = BUILT_PRODUCTS_DIR; };
		8694C29F8B8650725D220E4E /* Pods-BankMovements.debug.xcconfig */ = {isa = PBXFileReference; includeInIndex = 1; lastKnownFileType = text.xcconfig; name = "Pods-BankMovements.debug.xcconfig"; path = "Pods/Target Support Files/Pods-BankMovements/Pods-BankMovements.debug.xcconfig"; sourceTree = "<group>"; };
		BA370DF82196E4D4006BE493 /* BankMovements.app */ = {isa = PBXFileReference; explicitFileType = wrapper.application; includeInIndex = 0; path = BankMovements.app; sourceTree = BUILT_PRODUCTS_DIR; };
		BA370DFB2196E4D4006BE493 /* AppDelegate.swift */ = {isa = PBXFileReference; lastKnownFileType = sourcecode.swift; path = AppDelegate.swift; sourceTree = "<group>"; };
		BA370E022196E4D6006BE493 /* Assets.xcassets */ = {isa = PBXFileReference; lastKnownFileType = folder.assetcatalog; path = Assets.xcassets; sourceTree = "<group>"; };
		BA370E052196E4D6006BE493 /* Base */ = {isa = PBXFileReference; lastKnownFileType = file.storyboard; name = Base; path = Base.lproj/LaunchScreen.storyboard; sourceTree = "<group>"; };
		BA370E072196E4D6006BE493 /* Info.plist */ = {isa = PBXFileReference; lastKnownFileType = text.plist.xml; path = Info.plist; sourceTree = "<group>"; };
		BA370E0C2196E4D6006BE493 /* BankMovementsTests.xctest */ = {isa = PBXFileReference; explicitFileType = wrapper.cfbundle; includeInIndex = 0; path = BankMovementsTests.xctest; sourceTree = BUILT_PRODUCTS_DIR; };
		BA370E122196E4D6006BE493 /* Info.plist */ = {isa = PBXFileReference; lastKnownFileType = text.plist.xml; path = Info.plist; sourceTree = "<group>"; };
		BA370E222196E5A6006BE493 /* InitialViewController.swift */ = {isa = PBXFileReference; lastKnownFileType = sourcecode.swift; path = InitialViewController.swift; sourceTree = "<group>"; };
		BA370E262196E5FC006BE493 /* UIviewController+Additions.swift */ = {isa = PBXFileReference; lastKnownFileType = sourcecode.swift; path = "UIviewController+Additions.swift"; sourceTree = "<group>"; };
		BA370E282196E7B3006BE493 /* Transaction.swift */ = {isa = PBXFileReference; lastKnownFileType = sourcecode.swift; path = Transaction.swift; sourceTree = "<group>"; };
		BA370E2A2196E7E1006BE493 /* Movements.swift */ = {isa = PBXFileReference; lastKnownFileType = sourcecode.swift; path = Movements.swift; sourceTree = "<group>"; };
		BA370E2C2196E862006BE493 /* TransactionCodable.swift */ = {isa = PBXFileReference; lastKnownFileType = sourcecode.swift; path = TransactionCodable.swift; sourceTree = "<group>"; };
		BA370E2E2196E8AA006BE493 /* TransactionTests.swift */ = {isa = PBXFileReference; lastKnownFileType = sourcecode.swift; path = TransactionTests.swift; sourceTree = "<group>"; };
		BA370E302196F013006BE493 /* InitialViewController.xib */ = {isa = PBXFileReference; fileEncoding = 4; lastKnownFileType = file.xib; path = InitialViewController.xib; sourceTree = "<group>"; };
		BA370E322196F09A006BE493 /* Constans.swift */ = {isa = PBXFileReference; lastKnownFileType = sourcecode.swift; path = Constans.swift; sourceTree = "<group>"; };
		BA370E342196F0C9006BE493 /* CustomColors.swift */ = {isa = PBXFileReference; lastKnownFileType = sourcecode.swift; path = CustomColors.swift; sourceTree = "<group>"; };
		BA370E362196F0F4006BE493 /* DownloadAllMovementsInteractor.swift */ = {isa = PBXFileReference; lastKnownFileType = sourcecode.swift; path = DownloadAllMovementsInteractor.swift; sourceTree = "<group>"; };
		BA370E382196F113006BE493 /* DownloadAllMovementsInteractorNSURLSessionImpl.swift */ = {isa = PBXFileReference; lastKnownFileType = sourcecode.swift; path = DownloadAllMovementsInteractorNSURLSessionImpl.swift; sourceTree = "<group>"; };
		BA370E3A2196F139006BE493 /* Typealias.swift */ = {isa = PBXFileReference; lastKnownFileType = sourcecode.swift; path = Typealias.swift; sourceTree = "<group>"; };
		BA370E3C2196F151006BE493 /* Alerts.swift */ = {isa = PBXFileReference; lastKnownFileType = sourcecode.swift; path = Alerts.swift; sourceTree = "<group>"; };
		BA370E402196F265006BE493 /* MapTransactions.swift */ = {isa = PBXFileReference; lastKnownFileType = sourcecode.swift; path = MapTransactions.swift; sourceTree = "<group>"; };
		BA370E432196F685006BE493 /* JSONParser.swift */ = {isa = PBXFileReference; lastKnownFileType = sourcecode.swift; path = JSONParser.swift; sourceTree = "<group>"; };
		BA370E452197004E006BE493 /* MovementsViewController.swift */ = {isa = PBXFileReference; lastKnownFileType = sourcecode.swift; path = MovementsViewController.swift; sourceTree = "<group>"; };
		BA370E472197005F006BE493 /* MovementsViewController.xib */ = {isa = PBXFileReference; fileEncoding = 4; lastKnownFileType = file.xib; path = MovementsViewController.xib; sourceTree = "<group>"; };
		BA370E4921970145006BE493 /* TransactionCollectionViewCell.swift */ = {isa = PBXFileReference; lastKnownFileType = sourcecode.swift; path = TransactionCollectionViewCell.swift; sourceTree = "<group>"; };
		BA370E4B219701C9006BE493 /* TransactionCollectionViewCell.xib */ = {isa = PBXFileReference; fileEncoding = 4; lastKnownFileType = file.xib; path = TransactionCollectionViewCell.xib; sourceTree = "<group>"; };
		BA5F89AC21980A77004983DC /* Podfile */ = {isa = PBXFileReference; lastKnownFileType = text; path = Podfile; sourceTree = "<group>"; xcLanguageSpecificationIdentifier = xcode.lang.ruby; };
		BA5F89AE21980DFD004983DC /* DownloadAllMovementsInteractorAlamofireImpl.swift */ = {isa = PBXFileReference; lastKnownFileType = sourcecode.swift; path = DownloadAllMovementsInteractorAlamofireImpl.swift; sourceTree = "<group>"; };
		E25B9E844521C40A9C0D7E5C /* Pods_BankMovements.framework */ = {isa = PBXFileReference; explicitFileType = wrapper.framework; includeInIndex = 0; path = Pods_BankMovements.framework; sourceTree = BUILT_PRODUCTS_DIR; };
/* End PBXFileReference section */

/* Begin PBXFrameworksBuildPhase section */
		BA370DF52196E4D4006BE493 /* Frameworks */ = {
			isa = PBXFrameworksBuildPhase;
			buildActionMask = 2147483647;
			files = (
				9F5846301CCC8935DED811DF /* Pods_BankMovements.framework in Frameworks */,
			);
			runOnlyForDeploymentPostprocessing = 0;
		};
		BA370E092196E4D6006BE493 /* Frameworks */ = {
			isa = PBXFrameworksBuildPhase;
			buildActionMask = 2147483647;
			files = (
			);
			runOnlyForDeploymentPostprocessing = 0;
		};
/* End PBXFrameworksBuildPhase section */

/* Begin PBXGroup section */
		5CBF543621AFF86FC9BEA897 /* Pods */ = {
			isa = PBXGroup;
			children = (
				8694C29F8B8650725D220E4E /* Pods-BankMovements.debug.xcconfig */,
				3CB9FDA83F0CB18067206573 /* Pods-BankMovements.release.xcconfig */,
			);
			name = Pods;
			sourceTree = "<group>";
		};
		BA370DEF2196E4D4006BE493 = {
			isa = PBXGroup;
			children = (
				BA5F89AC21980A77004983DC /* Podfile */,
				BA370DFA2196E4D4006BE493 /* BankMovements */,
				BA370E0F2196E4D6006BE493 /* BankMovementsTests */,
				BA370DF92196E4D4006BE493 /* Products */,
				5CBF543621AFF86FC9BEA897 /* Pods */,
				C9136C95599437C9AFC8BFAA /* Frameworks */,
			);
			sourceTree = "<group>";
		};
		BA370DF92196E4D4006BE493 /* Products */ = {
			isa = PBXGroup;
			children = (
				BA370DF82196E4D4006BE493 /* BankMovements.app */,
				BA370E0C2196E4D6006BE493 /* BankMovementsTests.xctest */,
			);
			name = Products;
			sourceTree = "<group>";
		};
		BA370DFA2196E4D4006BE493 /* BankMovements */ = {
			isa = PBXGroup;
			children = (
				BA370DFB2196E4D4006BE493 /* AppDelegate.swift */,
				BA370E1B2196E4FB006BE493 /* Cells */,
				BA370E1C2196E504006BE493 /* Common */,
				BA370E212196E542006BE493 /* Extensions */,
				BA370E202196E537006BE493 /* Controllers */,
				BA370E1F2196E52B006BE493 /* Views */,
				BA370E1E2196E521006BE493 /* Interactors */,
				BA370E1D2196E512006BE493 /* Model */,
				BA370E022196E4D6006BE493 /* Assets.xcassets */,
				BA370E042196E4D6006BE493 /* LaunchScreen.storyboard */,
				BA370E072196E4D6006BE493 /* Info.plist */,
			);
			path = BankMovements;
			sourceTree = "<group>";
		};
		BA370E0F2196E4D6006BE493 /* BankMovementsTests */ = {
			isa = PBXGroup;
			children = (
				BA370E122196E4D6006BE493 /* Info.plist */,
				BA370E2E2196E8AA006BE493 /* TransactionTests.swift */,
			);
			path = BankMovementsTests;
			sourceTree = "<group>";
		};
		BA370E1B2196E4FB006BE493 /* Cells */ = {
			isa = PBXGroup;
			children = (
				BA370E4921970145006BE493 /* TransactionCollectionViewCell.swift */,
				BA370E4B219701C9006BE493 /* TransactionCollectionViewCell.xib */,
			);
			path = Cells;
			sourceTree = "<group>";
		};
		BA370E1C2196E504006BE493 /* Common */ = {
			isa = PBXGroup;
			children = (
				BA370E322196F09A006BE493 /* Constans.swift */,
				BA370E342196F0C9006BE493 /* CustomColors.swift */,
				BA370E3A2196F139006BE493 /* Typealias.swift */,
				BA370E3C2196F151006BE493 /* Alerts.swift */,
			);
			path = Common;
			sourceTree = "<group>";
		};
		BA370E1D2196E512006BE493 /* Model */ = {
			isa = PBXGroup;
			children = (
				BA370E422196F666006BE493 /* JSONParser */,
				BA370E3E2196F23B006BE493 /* Mappers */,
				BA370E282196E7B3006BE493 /* Transaction.swift */,
				BA370E2A2196E7E1006BE493 /* Movements.swift */,
				BA370E2C2196E862006BE493 /* TransactionCodable.swift */,
			);
			path = Model;
			sourceTree = "<group>";
		};
		BA370E1E2196E521006BE493 /* Interactors */ = {
			isa = PBXGroup;
			children = (
				BA370E362196F0F4006BE493 /* DownloadAllMovementsInteractor.swift */,
				BA370E382196F113006BE493 /* DownloadAllMovementsInteractorNSURLSessionImpl.swift */,
				BA5F89AE21980DFD004983DC /* DownloadAllMovementsInteractorAlamofireImpl.swift */,
			);
			path = Interactors;
			sourceTree = "<group>";
		};
		BA370E1F2196E52B006BE493 /* Views */ = {
			isa = PBXGroup;
			children = (
				BA370E302196F013006BE493 /* InitialViewController.xib */,
				BA370E472197005F006BE493 /* MovementsViewController.xib */,
			);
			path = Views;
			sourceTree = "<group>";
		};
		BA370E202196E537006BE493 /* Controllers */ = {
			isa = PBXGroup;
			children = (
				BA370E222196E5A6006BE493 /* InitialViewController.swift */,
				BA370E452197004E006BE493 /* MovementsViewController.swift */,
			);
			path = Controllers;
			sourceTree = "<group>";
		};
		BA370E212196E542006BE493 /* Extensions */ = {
			isa = PBXGroup;
			children = (
				BA370E262196E5FC006BE493 /* UIviewController+Additions.swift */,
			);
			path = Extensions;
			sourceTree = "<group>";
		};
		BA370E3E2196F23B006BE493 /* Mappers */ = {
			isa = PBXGroup;
			children = (
				BA370E402196F265006BE493 /* MapTransactions.swift */,
			);
			path = Mappers;
			sourceTree = "<group>";
		};
		BA370E422196F666006BE493 /* JSONParser */ = {
			isa = PBXGroup;
			children = (
				BA370E432196F685006BE493 /* JSONParser.swift */,
			);
			path = JSONParser;
			sourceTree = "<group>";
		};
		C9136C95599437C9AFC8BFAA /* Frameworks */ = {
			isa = PBXGroup;
			children = (
				E25B9E844521C40A9C0D7E5C /* Pods_BankMovements.framework */,
				4CAFE07C308ADDD6D18D8780 /* Pods_BankMovementsTests.framework */,
			);
			name = Frameworks;
			sourceTree = "<group>";
		};
/* End PBXGroup section */

/* Begin PBXNativeTarget section */
		BA370DF72196E4D4006BE493 /* BankMovements */ = {
			isa = PBXNativeTarget;
			buildConfigurationList = BA370E152196E4D6006BE493 /* Build configuration list for PBXNativeTarget "BankMovements" */;
			buildPhases = (
				D8CE71BE9DD9396E972FF2D9 /* [CP] Check Pods Manifest.lock */,
				BA370DF42196E4D4006BE493 /* Sources */,
				BA370DF52196E4D4006BE493 /* Frameworks */,
				BA370DF62196E4D4006BE493 /* Resources */,
				188996330B4714625C1F341B /* [CP] Embed Pods Frameworks */,
				BA5F89B3219819B1004983DC /* Embed Frameworks */,
			);
			buildRules = (
			);
			dependencies = (
			);
			name = BankMovements;
			productName = BankMovements;
			productReference = BA370DF82196E4D4006BE493 /* BankMovements.app */;
			productType = "com.apple.product-type.application";
		};
		BA370E0B2196E4D6006BE493 /* BankMovementsTests */ = {
			isa = PBXNativeTarget;
			buildConfigurationList = BA370E182196E4D6006BE493 /* Build configuration list for PBXNativeTarget "BankMovementsTests" */;
			buildPhases = (
				BA370E082196E4D6006BE493 /* Sources */,
				BA370E092196E4D6006BE493 /* Frameworks */,
				BA370E0A2196E4D6006BE493 /* Resources */,
			);
			buildRules = (
			);
			dependencies = (
				BA370E0E2196E4D6006BE493 /* PBXTargetDependency */,
			);
			name = BankMovementsTests;
			productName = BankMovementsTests;
			productReference = BA370E0C2196E4D6006BE493 /* BankMovementsTests.xctest */;
			productType = "com.apple.product-type.bundle.unit-test";
		};
/* End PBXNativeTarget section */

/* Begin PBXProject section */
		BA370DF02196E4D4006BE493 /* Project object */ = {
			isa = PBXProject;
			attributes = {
				LastSwiftUpdateCheck = 1010;
				LastUpgradeCheck = 1010;
				ORGANIZATIONNAME = "luis gomez alonso";
				TargetAttributes = {
					BA370DF72196E4D4006BE493 = {
						CreatedOnToolsVersion = 10.1;
					};
					BA370E0B2196E4D6006BE493 = {
						CreatedOnToolsVersion = 10.1;
						TestTargetID = BA370DF72196E4D4006BE493;
					};
				};
			};
			buildConfigurationList = BA370DF32196E4D4006BE493 /* Build configuration list for PBXProject "BankMovements" */;
			compatibilityVersion = "Xcode 9.3";
			developmentRegion = en;
			hasScannedForEncodings = 0;
			knownRegions = (
				en,
				Base,
			);
			mainGroup = BA370DEF2196E4D4006BE493;
			productRefGroup = BA370DF92196E4D4006BE493 /* Products */;
			projectDirPath = "";
			projectRoot = "";
			targets = (
				BA370DF72196E4D4006BE493 /* BankMovements */,
				BA370E0B2196E4D6006BE493 /* BankMovementsTests */,
			);
		};
/* End PBXProject section */

/* Begin PBXResourcesBuildPhase section */
		BA370DF62196E4D4006BE493 /* Resources */ = {
			isa = PBXResourcesBuildPhase;
			buildActionMask = 2147483647;
			files = (
				BA5F89AD21980A77004983DC /* Podfile in Resources */,
				BA370E062196E4D6006BE493 /* LaunchScreen.storyboard in Resources */,
				BA370E4C219701C9006BE493 /* TransactionCollectionViewCell.xib in Resources */,
				BA370E482197005F006BE493 /* MovementsViewController.xib in Resources */,
				BA370E032196E4D6006BE493 /* Assets.xcassets in Resources */,
				BA370E312196F013006BE493 /* InitialViewController.xib in Resources */,
			);
			runOnlyForDeploymentPostprocessing = 0;
		};
		BA370E0A2196E4D6006BE493 /* Resources */ = {
			isa = PBXResourcesBuildPhase;
			buildActionMask = 2147483647;
			files = (
			);
			runOnlyForDeploymentPostprocessing = 0;
		};
/* End PBXResourcesBuildPhase section */

/* Begin PBXShellScriptBuildPhase section */
		188996330B4714625C1F341B /* [CP] Embed Pods Frameworks */ = {
			isa = PBXShellScriptBuildPhase;
			buildActionMask = 2147483647;
			files = (
			);
			inputPaths = (
				"${SRCROOT}/Pods/Target Support Files/Pods-BankMovements/Pods-BankMovements-frameworks.sh",
				"${BUILT_PRODUCTS_DIR}/Alamofire/Alamofire.framework",
			);
			name = "[CP] Embed Pods Frameworks";
			outputPaths = (
				"${TARGET_BUILD_DIR}/${FRAMEWORKS_FOLDER_PATH}/Alamofire.framework",
			);
			runOnlyForDeploymentPostprocessing = 0;
			shellPath = /bin/sh;
			shellScript = "\"${SRCROOT}/Pods/Target Support Files/Pods-BankMovements/Pods-BankMovements-frameworks.sh\"\n";
			showEnvVarsInLog = 0;
		};
		D8CE71BE9DD9396E972FF2D9 /* [CP] Check Pods Manifest.lock */ = {
			isa = PBXShellScriptBuildPhase;
			buildActionMask = 2147483647;
			files = (
			);
			inputPaths = (
				"${PODS_PODFILE_DIR_PATH}/Podfile.lock",
				"${PODS_ROOT}/Manifest.lock",
			);
			name = "[CP] Check Pods Manifest.lock";
			outputPaths = (
				"$(DERIVED_FILE_DIR)/Pods-BankMovements-checkManifestLockResult.txt",
			);
			runOnlyForDeploymentPostprocessing = 0;
			shellPath = /bin/sh;
			shellScript = "diff \"${PODS_PODFILE_DIR_PATH}/Podfile.lock\" \"${PODS_ROOT}/Manifest.lock\" > /dev/null\nif [ $? != 0 ] ; then\n    # print error to STDERR\n    echo \"error: The sandbox is not in sync with the Podfile.lock. Run 'pod install' or update your CocoaPods installation.\" >&2\n    exit 1\nfi\n# This output is used by Xcode 'outputs' to avoid re-running this script phase.\necho \"SUCCESS\" > \"${SCRIPT_OUTPUT_FILE_0}\"\n";
			showEnvVarsInLog = 0;
		};
/* End PBXShellScriptBuildPhase section */

/* Begin PBXSourcesBuildPhase section */
		BA370DF42196E4D4006BE493 /* Sources */ = {
			isa = PBXSourcesBuildPhase;
			buildActionMask = 2147483647;
			files = (
				BA370E272196E5FC006BE493 /* UIviewController+Additions.swift in Sources */,
				BA370E3B2196F139006BE493 /* Typealias.swift in Sources */,
				BA370E442196F685006BE493 /* JSONParser.swift in Sources */,
				BA370E4A21970145006BE493 /* TransactionCollectionViewCell.swift in Sources */,
				BA370E2B2196E7E1006BE493 /* Movements.swift in Sources */,
				BA370E352196F0C9006BE493 /* CustomColors.swift in Sources */,
				BA370DFC2196E4D4006BE493 /* AppDelegate.swift in Sources */,
				BA370E242196E5A6006BE493 /* InitialViewController.swift in Sources */,
				BA370E412196F265006BE493 /* MapTransactions.swift in Sources */,
				BA370E2D2196E862006BE493 /* TransactionCodable.swift in Sources */,
				BA370E372196F0F4006BE493 /* DownloadAllMovementsInteractor.swift in Sources */,
				BA370E332196F09A006BE493 /* Constans.swift in Sources */,
				BA370E292196E7B3006BE493 /* Transaction.swift in Sources */,
				BA370E462197004E006BE493 /* MovementsViewController.swift in Sources */,
				BA370E3D2196F151006BE493 /* Alerts.swift in Sources */,
				BA5F89AF21980DFD004983DC /* DownloadAllMovementsInteractorAlamofireImpl.swift in Sources */,
				BA370E392196F113006BE493 /* DownloadAllMovementsInteractorNSURLSessionImpl.swift in Sources */,
			);
			runOnlyForDeploymentPostprocessing = 0;
		};
		BA370E082196E4D6006BE493 /* Sources */ = {
			isa = PBXSourcesBuildPhase;
			buildActionMask = 2147483647;
			files = (
				BA370E2F2196E8AA006BE493 /* TransactionTests.swift in Sources */,
			);
			runOnlyForDeploymentPostprocessing = 0;
		};
/* End PBXSourcesBuildPhase section */

/* Begin PBXTargetDependency section */
		BA370E0E2196E4D6006BE493 /* PBXTargetDependency */ = {
			isa = PBXTargetDependency;
			target = BA370DF72196E4D4006BE493 /* BankMovements */;
			targetProxy = BA370E0D2196E4D6006BE493 /* PBXContainerItemProxy */;
		};
/* End PBXTargetDependency section */

/* Begin PBXVariantGroup section */
		BA370E042196E4D6006BE493 /* LaunchScreen.storyboard */ = {
			isa = PBXVariantGroup;
			children = (
				BA370E052196E4D6006BE493 /* Base */,
			);
			name = LaunchScreen.storyboard;
			sourceTree = "<group>";
		};
/* End PBXVariantGroup section */

/* Begin XCBuildConfiguration section */
		BA370E132196E4D6006BE493 /* Debug */ = {
			isa = XCBuildConfiguration;
			buildSettings = {
				ALWAYS_SEARCH_USER_PATHS = NO;
				CLANG_ANALYZER_NONNULL = YES;
				CLANG_ANALYZER_NUMBER_OBJECT_CONVERSION = YES_AGGRESSIVE;
				CLANG_CXX_LANGUAGE_STANDARD = "gnu++14";
				CLANG_CXX_LIBRARY = "libc++";
				CLANG_ENABLE_MODULES = YES;
				CLANG_ENABLE_OBJC_ARC = YES;
				CLANG_ENABLE_OBJC_WEAK = YES;
				CLANG_WARN_BLOCK_CAPTURE_AUTORELEASING = YES;
				CLANG_WARN_BOOL_CONVERSION = YES;
				CLANG_WARN_COMMA = YES;
				CLANG_WARN_CONSTANT_CONVERSION = YES;
				CLANG_WARN_DEPRECATED_OBJC_IMPLEMENTATIONS = YES;
				CLANG_WARN_DIRECT_OBJC_ISA_USAGE = YES_ERROR;
				CLANG_WARN_DOCUMENTATION_COMMENTS = YES;
				CLANG_WARN_EMPTY_BODY = YES;
				CLANG_WARN_ENUM_CONVERSION = YES;
				CLANG_WARN_INFINITE_RECURSION = YES;
				CLANG_WARN_INT_CONVERSION = YES;
				CLANG_WARN_NON_LITERAL_NULL_CONVERSION = YES;
				CLANG_WARN_OBJC_IMPLICIT_RETAIN_SELF = YES;
				CLANG_WARN_OBJC_LITERAL_CONVERSION = YES;
				CLANG_WARN_OBJC_ROOT_CLASS = YES_ERROR;
				CLANG_WARN_RANGE_LOOP_ANALYSIS = YES;
				CLANG_WARN_STRICT_PROTOTYPES = YES;
				CLANG_WARN_SUSPICIOUS_MOVE = YES;
				CLANG_WARN_UNGUARDED_AVAILABILITY = YES_AGGRESSIVE;
				CLANG_WARN_UNREACHABLE_CODE = YES;
				CLANG_WARN__DUPLICATE_METHOD_MATCH = YES;
				CODE_SIGN_IDENTITY = "iPhone Developer";
				COPY_PHASE_STRIP = NO;
				DEBUG_INFORMATION_FORMAT = dwarf;
				ENABLE_STRICT_OBJC_MSGSEND = YES;
				ENABLE_TESTABILITY = YES;
				GCC_C_LANGUAGE_STANDARD = gnu11;
				GCC_DYNAMIC_NO_PIC = NO;
				GCC_NO_COMMON_BLOCKS = YES;
				GCC_OPTIMIZATION_LEVEL = 0;
				GCC_PREPROCESSOR_DEFINITIONS = (
					"DEBUG=1",
					"$(inherited)",
				);
				GCC_WARN_64_TO_32_BIT_CONVERSION = YES;
				GCC_WARN_ABOUT_RETURN_TYPE = YES_ERROR;
				GCC_WARN_UNDECLARED_SELECTOR = YES;
				GCC_WARN_UNINITIALIZED_AUTOS = YES_AGGRESSIVE;
				GCC_WARN_UNUSED_FUNCTION = YES;
				GCC_WARN_UNUSED_VARIABLE = YES;
				IPHONEOS_DEPLOYMENT_TARGET = 12.1;
				MTL_ENABLE_DEBUG_INFO = INCLUDE_SOURCE;
				MTL_FAST_MATH = YES;
				ONLY_ACTIVE_ARCH = YES;
				SDKROOT = iphoneos;
				SWIFT_ACTIVE_COMPILATION_CONDITIONS = DEBUG;
				SWIFT_OPTIMIZATION_LEVEL = "-Onone";
			};
			name = Debug;
		};
		BA370E142196E4D6006BE493 /* Release */ = {
			isa = XCBuildConfiguration;
			buildSettings = {
				ALWAYS_SEARCH_USER_PATHS = NO;
				CLANG_ANALYZER_NONNULL = YES;
				CLANG_ANALYZER_NUMBER_OBJECT_CONVERSION = YES_AGGRESSIVE;
				CLANG_CXX_LANGUAGE_STANDARD = "gnu++14";
				CLANG_CXX_LIBRARY = "libc++";
				CLANG_ENABLE_MODULES = YES;
				CLANG_ENABLE_OBJC_ARC = YES;
				CLANG_ENABLE_OBJC_WEAK = YES;
				CLANG_WARN_BLOCK_CAPTURE_AUTORELEASING = YES;
				CLANG_WARN_BOOL_CONVERSION = YES;
				CLANG_WARN_COMMA = YES;
				CLANG_WARN_CONSTANT_CONVERSION = YES;
				CLANG_WARN_DEPRECATED_OBJC_IMPLEMENTATIONS = YES;
				CLANG_WARN_DIRECT_OBJC_ISA_USAGE = YES_ERROR;
				CLANG_WARN_DOCUMENTATION_COMMENTS = YES;
				CLANG_WARN_EMPTY_BODY = YES;
				CLANG_WARN_ENUM_CONVERSION = YES;
				CLANG_WARN_INFINITE_RECURSION = YES;
				CLANG_WARN_INT_CONVERSION = YES;
				CLANG_WARN_NON_LITERAL_NULL_CONVERSION = YES;
				CLANG_WARN_OBJC_IMPLICIT_RETAIN_SELF = YES;
				CLANG_WARN_OBJC_LITERAL_CONVERSION = YES;
				CLANG_WARN_OBJC_ROOT_CLASS = YES_ERROR;
				CLANG_WARN_RANGE_LOOP_ANALYSIS = YES;
				CLANG_WARN_STRICT_PROTOTYPES = YES;
				CLANG_WARN_SUSPICIOUS_MOVE = YES;
				CLANG_WARN_UNGUARDED_AVAILABILITY = YES_AGGRESSIVE;
				CLANG_WARN_UNREACHABLE_CODE = YES;
				CLANG_WARN__DUPLICATE_METHOD_MATCH = YES;
				CODE_SIGN_IDENTITY = "iPhone Developer";
				COPY_PHASE_STRIP = NO;
				DEBUG_INFORMATION_FORMAT = "dwarf-with-dsym";
				ENABLE_NS_ASSERTIONS = NO;
				ENABLE_STRICT_OBJC_MSGSEND = YES;
				GCC_C_LANGUAGE_STANDARD = gnu11;
				GCC_NO_COMMON_BLOCKS = YES;
				GCC_WARN_64_TO_32_BIT_CONVERSION = YES;
				GCC_WARN_ABOUT_RETURN_TYPE = YES_ERROR;
				GCC_WARN_UNDECLARED_SELECTOR = YES;
				GCC_WARN_UNINITIALIZED_AUTOS = YES_AGGRESSIVE;
				GCC_WARN_UNUSED_FUNCTION = YES;
				GCC_WARN_UNUSED_VARIABLE = YES;
				IPHONEOS_DEPLOYMENT_TARGET = 12.1;
				MTL_ENABLE_DEBUG_INFO = NO;
				MTL_FAST_MATH = YES;
				SDKROOT = iphoneos;
				SWIFT_COMPILATION_MODE = wholemodule;
				SWIFT_OPTIMIZATION_LEVEL = "-O";
				VALIDATE_PRODUCT = YES;
			};
			name = Release;
		};
		BA370E162196E4D6006BE493 /* Debug */ = {
			isa = XCBuildConfiguration;
			baseConfigurationReference = 8694C29F8B8650725D220E4E /* Pods-BankMovements.debug.xcconfig */;
			buildSettings = {
				ASSETCATALOG_COMPILER_APPICON_NAME = AppIcon;
				CODE_SIGN_STYLE = Automatic;
				DEVELOPMENT_TEAM = VJ3XGT65D5;
				INFOPLIST_FILE = BankMovements/Info.plist;
				LD_RUNPATH_SEARCH_PATHS = (
					"$(inherited)",
					"@executable_path/Frameworks",
				);
				PRODUCT_BUNDLE_IDENTIFIER = com.codigohifi.BankMovements;
				PRODUCT_NAME = "$(TARGET_NAME)";
				SWIFT_VERSION = 4.2;
				TARGETED_DEVICE_FAMILY = "1,2";
			};
			name = Debug;
		};
		BA370E172196E4D6006BE493 /* Release */ = {
			isa = XCBuildConfiguration;
			baseConfigurationReference = 3CB9FDA83F0CB18067206573 /* Pods-BankMovements.release.xcconfig */;
			buildSettings = {
				ASSETCATALOG_COMPILER_APPICON_NAME = AppIcon;
				CODE_SIGN_STYLE = Automatic;
				DEVELOPMENT_TEAM = VJ3XGT65D5;
				INFOPLIST_FILE = BankMovements/Info.plist;
				LD_RUNPATH_SEARCH_PATHS = (
					"$(inherited)",
					"@executable_path/Frameworks",
				);
				PRODUCT_BUNDLE_IDENTIFIER = com.codigohifi.BankMovements;
				PRODUCT_NAME = "$(TARGET_NAME)";
				SWIFT_VERSION = 4.2;
				TARGETED_DEVICE_FAMILY = "1,2";
			};
			name = Release;
		};
		BA370E192196E4D6006BE493 /* Debug */ = {
			isa = XCBuildConfiguration;
			buildSettings = {
				ALWAYS_EMBED_SWIFT_STANDARD_LIBRARIES = YES;
				BUNDLE_LOADER = "$(TEST_HOST)";
				CODE_SIGN_STYLE = Automatic;
				DEVELOPMENT_TEAM = VJ3XGT65D5;
				INFOPLIST_FILE = BankMovementsTests/Info.plist;
				LD_RUNPATH_SEARCH_PATHS = (
					"$(inherited)",
					"@executable_path/Frameworks",
					"@loader_path/Frameworks",
				);
				PRODUCT_BUNDLE_IDENTIFIER = com.codigohifi.BankMovementsTests;
				PRODUCT_NAME = "$(TARGET_NAME)";
				SWIFT_VERSION = 4.2;
				TARGETED_DEVICE_FAMILY = "1,2";
				TEST_HOST = "$(BUILT_PRODUCTS_DIR)/BankMovements.app/BankMovements";
			};
			name = Debug;
		};
		BA370E1A2196E4D6006BE493 /* Release */ = {
			isa = XCBuildConfiguration;
			buildSettings = {
				ALWAYS_EMBED_SWIFT_STANDARD_LIBRARIES = YES;
				BUNDLE_LOADER = "$(TEST_HOST)";
				CODE_SIGN_STYLE = Automatic;
				DEVELOPMENT_TEAM = VJ3XGT65D5;
				INFOPLIST_FILE = BankMovementsTests/Info.plist;
				LD_RUNPATH_SEARCH_PATHS = (
					"$(inherited)",
					"@executable_path/Frameworks",
					"@loader_path/Frameworks",
				);
				PRODUCT_BUNDLE_IDENTIFIER = com.codigohifi.BankMovementsTests;
				PRODUCT_NAME = "$(TARGET_NAME)";
				SWIFT_VERSION = 4.2;
				TARGETED_DEVICE_FAMILY = "1,2";
				TEST_HOST = "$(BUILT_PRODUCTS_DIR)/BankMovements.app/BankMovements";
			};
			name = Release;
		};
/* End XCBuildConfiguration section */

/* Begin XCConfigurationList section */
		BA370DF32196E4D4006BE493 /* Build configuration list for PBXProject "BankMovements" */ = {
			isa = XCConfigurationList;
			buildConfigurations = (
				BA370E132196E4D6006BE493 /* Debug */,
				BA370E142196E4D6006BE493 /* Release */,
			);
			defaultConfigurationIsVisible = 0;
			defaultConfigurationName = Release;
		};
		BA370E152196E4D6006BE493 /* Build configuration list for PBXNativeTarget "BankMovements" */ = {
			isa = XCConfigurationList;
			buildConfigurations = (
				BA370E162196E4D6006BE493 /* Debug */,
				BA370E172196E4D6006BE493 /* Release */,
			);
			defaultConfigurationIsVisible = 0;
			defaultConfigurationName = Release;
		};
		BA370E182196E4D6006BE493 /* Build configuration list for PBXNativeTarget "BankMovementsTests" */ = {
			isa = XCConfigurationList;
			buildConfigurations = (
				BA370E192196E4D6006BE493 /* Debug */,
				BA370E1A2196E4D6006BE493 /* Release */,
			);
			defaultConfigurationIsVisible = 0;
			defaultConfigurationName = Release;
		};
/* End XCConfigurationList section */
	};
	rootObject = BA370DF02196E4D4006BE493 /* Project object */;
}
